// !$*UTF8*$!
{
	archiveVersion = 1;
	classes = {
	};
	objectVersion = 48;
	objects = {

/* Begin PBXBuildFile section */
		C36F696C201D674B00DF8267 /* AppDelegate.swift in Sources */ = {isa = PBXBuildFile; fileRef = C36F696B201D674B00DF8267 /* AppDelegate.swift */; };
		C36F696E201D674B00DF8267 /* ViewController.swift in Sources */ = {isa = PBXBuildFile; fileRef = C36F696D201D674B00DF8267 /* ViewController.swift */; };
		C36F6971201D674B00DF8267 /* Main.storyboard in Resources */ = {isa = PBXBuildFile; fileRef = C36F696F201D674B00DF8267 /* Main.storyboard */; };
		C36F6973201D674B00DF8267 /* Assets.xcassets in Resources */ = {isa = PBXBuildFile; fileRef = C36F6972201D674B00DF8267 /* Assets.xcassets */; };
		C36F6976201D674B00DF8267 /* LaunchScreen.storyboard in Resources */ = {isa = PBXBuildFile; fileRef = C36F6974201D674B00DF8267 /* LaunchScreen.storyboard */; };
		C36F6984201D6B4800DF8267 /* settings.plist in Resources */ = {isa = PBXBuildFile; fileRef = C36F6983201D6B4800DF8267 /* settings.plist */; };
/* End PBXBuildFile section */

/* Begin PBXFileReference section */
		C36F6968201D674B00DF8267 /* CBPay.app */ = {isa = PBXFileReference; explicitFileType = wrapper.application; includeInIndex = 0; path = CBPay.app; sourceTree = BUILT_PRODUCTS_DIR; };
		C36F696B201D674B00DF8267 /* AppDelegate.swift */ = {isa = PBXFileReference; lastKnownFileType = sourcecode.swift; path = AppDelegate.swift; sourceTree = "<group>"; };
		C36F696D201D674B00DF8267 /* ViewController.swift */ = {isa = PBXFileReference; lastKnownFileType = sourcecode.swift; path = ViewController.swift; sourceTree = "<group>"; };
		C36F6970201D674B00DF8267 /* Base */ = {isa = PBXFileReference; lastKnownFileType = file.storyboard; name = Base; path = Base.lproj/Main.storyboard; sourceTree = "<group>"; };
		C36F6972201D674B00DF8267 /* Assets.xcassets */ = {isa = PBXFileReference; lastKnownFileType = folder.assetcatalog; path = Assets.xcassets; sourceTree = "<group>"; };
		C36F6975201D674B00DF8267 /* Base */ = {isa = PBXFileReference; lastKnownFileType = file.storyboard; name = Base; path = Base.lproj/LaunchScreen.storyboard; sourceTree = "<group>"; };
		C36F6977201D674B00DF8267 /* Info.plist */ = {isa = PBXFileReference; lastKnownFileType = text.plist.xml; path = Info.plist; sourceTree = "<group>"; };
		C36F6983201D6B4800DF8267 /* settings.plist */ = {isa = PBXFileReference; lastKnownFileType = text.plist.xml; path = settings.plist; sourceTree = "<group>"; };
/* End PBXFileReference section */

/* Begin PBXFrameworksBuildPhase section */
		C36F6965201D674B00DF8267 /* Frameworks */ = {
			isa = PBXFrameworksBuildPhase;
			buildActionMask = 2147483647;
			files = (
			);
			runOnlyForDeploymentPostprocessing = 0;
		};
/* End PBXFrameworksBuildPhase section */

/* Begin PBXGroup section */
		C36F695F201D674B00DF8267 = {
			isa = PBXGroup;
			children = (
				C36F696A201D674B00DF8267 /* CBPay */,
				C36F6969201D674B00DF8267 /* Products */,
			);
			sourceTree = "<group>";
		};
		C36F6969201D674B00DF8267 /* Products */ = {
			isa = PBXGroup;
			children = (
				C36F6968201D674B00DF8267 /* CBPay.app */,
			);
			name = Products;
			sourceTree = "<group>";
		};
		C36F696A201D674B00DF8267 /* CBPay */ = {
			isa = PBXGroup;
			children = (
				C36F696B201D674B00DF8267 /* AppDelegate.swift */,
				C36F696D201D674B00DF8267 /* ViewController.swift */,
				C36F696F201D674B00DF8267 /* Main.storyboard */,
				C36F6972201D674B00DF8267 /* Assets.xcassets */,
				C36F6974201D674B00DF8267 /* LaunchScreen.storyboard */,
				C36F6977201D674B00DF8267 /* Info.plist */,
				C36F6983201D6B4800DF8267 /* settings.plist */,
			);
			path = CBPay;
			sourceTree = "<group>";
		};
/* End PBXGroup section */

/* Begin PBXNativeTarget section */
		C36F6967201D674B00DF8267 /* CBPay */ = {
			isa = PBXNativeTarget;
			buildConfigurationList = C36F697A201D674B00DF8267 /* Build configuration list for PBXNativeTarget "CBPay" */;
			buildPhases = (
				C36F6964201D674B00DF8267 /* Sources */,
				C36F6965201D674B00DF8267 /* Frameworks */,
				C36F6966201D674B00DF8267 /* Resources */,
			);
			buildRules = (
			);
			dependencies = (
			);
			name = CBPay;
			productName = CBPay;
			productReference = C36F6968201D674B00DF8267 /* CBPay.app */;
			productType = "com.apple.product-type.application";
		};
/* End PBXNativeTarget section */

/* Begin PBXProject section */
		C36F6960201D674B00DF8267 /* Project object */ = {
			isa = PBXProject;
			attributes = {
				LastSwiftUpdateCheck = 0920;
				LastUpgradeCheck = 0920;
				ORGANIZATIONNAME = PromptNow;
				TargetAttributes = {
					C36F6967201D674B00DF8267 = {
						CreatedOnToolsVersion = 9.2;
						ProvisioningStyle = Automatic;
					};
				};
			};
			buildConfigurationList = C36F6963201D674B00DF8267 /* Build configuration list for PBXProject "CBPay" */;
			compatibilityVersion = "Xcode 8.0";
			developmentRegion = en;
			hasScannedForEncodings = 0;
			knownRegions = (
				en,
				Base,
			);
			mainGroup = C36F695F201D674B00DF8267;
			productRefGroup = C36F6969201D674B00DF8267 /* Products */;
			projectDirPath = "";
			projectRoot = "";
			targets = (
				C36F6967201D674B00DF8267 /* CBPay */,
			);
		};
/* End PBXProject section */

/* Begin PBXResourcesBuildPhase section */
		C36F6966201D674B00DF8267 /* Resources */ = {
			isa = PBXResourcesBuildPhase;
			buildActionMask = 2147483647;
			files = (
				C36F6976201D674B00DF8267 /* LaunchScreen.storyboard in Resources */,
				C36F6984201D6B4800DF8267 /* settings.plist in Resources */,
				C36F6973201D674B00DF8267 /* Assets.xcassets in Resources */,
				C36F6971201D674B00DF8267 /* Main.storyboard in Resources */,
			);
			runOnlyForDeploymentPostprocessing = 0;
		};
/* End PBXResourcesBuildPhase section */

/* Begin PBXSourcesBuildPhase section */
		C36F6964201D674B00DF8267 /* Sources */ = {
			isa = PBXSourcesBuildPhase;
			buildActionMask = 2147483647;
			files = (
				C36F696E201D674B00DF8267 /* ViewController.swift in Sources */,
				C36F696C201D674B00DF8267 /* AppDelegate.swift in Sources */,
			);
			runOnlyForDeploymentPostprocessing = 0;
		};
/* End PBXSourcesBuildPhase section */

/* Begin PBXVariantGroup section */
		C36F696F201D674B00DF8267 /* Main.storyboard */ = {
			isa = PBXVariantGroup;
			children = (
				C36F6970201D674B00DF8267 /* Base */,
			);
			name = Main.storyboard;
			sourceTree = "<group>";
		};
		C36F6974201D674B00DF8267 /* LaunchScreen.storyboard */ = {
			isa = PBXVariantGroup;
			children = (
				C36F6975201D674B00DF8267 /* Base */,
			);
			name = LaunchScreen.storyboard;
			sourceTree = "<group>";
		};
/* End PBXVariantGroup section */

/* Begin XCBuildConfiguration section */
		C36F697D201D684900DF8267 /* CBPay UAT */ = {
			isa = XCBuildConfiguration;
			buildSettings = {
				ALWAYS_SEARCH_USER_PATHS = NO;
				CLANG_ANALYZER_NONNULL = YES;
				CLANG_ANALYZER_NUMBER_OBJECT_CONVERSION = YES_AGGRESSIVE;
				CLANG_CXX_LANGUAGE_STANDARD = "gnu++14";
				CLANG_CXX_LIBRARY = "libc++";
				CLANG_ENABLE_MODULES = YES;
				CLANG_ENABLE_OBJC_ARC = YES;
				CLANG_WARN_BLOCK_CAPTURE_AUTORELEASING = YES;
				CLANG_WARN_BOOL_CONVERSION = YES;
				CLANG_WARN_COMMA = YES;
				CLANG_WARN_CONSTANT_CONVERSION = YES;
				CLANG_WARN_DIRECT_OBJC_ISA_USAGE = YES_ERROR;
				CLANG_WARN_DOCUMENTATION_COMMENTS = YES;
				CLANG_WARN_EMPTY_BODY = YES;
				CLANG_WARN_ENUM_CONVERSION = YES;
				CLANG_WARN_INFINITE_RECURSION = YES;
				CLANG_WARN_INT_CONVERSION = YES;
				CLANG_WARN_NON_LITERAL_NULL_CONVERSION = YES;
				CLANG_WARN_OBJC_LITERAL_CONVERSION = YES;
				CLANG_WARN_OBJC_ROOT_CLASS = YES_ERROR;
				CLANG_WARN_RANGE_LOOP_ANALYSIS = YES;
				CLANG_WARN_STRICT_PROTOTYPES = YES;
				CLANG_WARN_SUSPICIOUS_MOVE = YES;
				CLANG_WARN_UNGUARDED_AVAILABILITY = YES_AGGRESSIVE;
				CLANG_WARN_UNREACHABLE_CODE = YES;
				CLANG_WARN__DUPLICATE_METHOD_MATCH = YES;
				CODE_SIGN_IDENTITY = "iPhone Developer";
				COPY_PHASE_STRIP = NO;
				DEBUG_INFORMATION_FORMAT = "dwarf-with-dsym";
				ENABLE_NS_ASSERTIONS = NO;
				ENABLE_STRICT_OBJC_MSGSEND = YES;
				GCC_C_LANGUAGE_STANDARD = gnu11;
				GCC_NO_COMMON_BLOCKS = YES;
				GCC_WARN_64_TO_32_BIT_CONVERSION = YES;
				GCC_WARN_ABOUT_RETURN_TYPE = YES_ERROR;
				GCC_WARN_UNDECLARED_SELECTOR = YES;
				GCC_WARN_UNINITIALIZED_AUTOS = YES_AGGRESSIVE;
				GCC_WARN_UNUSED_FUNCTION = YES;
				GCC_WARN_UNUSED_VARIABLE = YES;
				IPHONEOS_DEPLOYMENT_TARGET = 11.2;
				MTL_ENABLE_DEBUG_INFO = NO;
				SDKROOT = iphoneos;
				SWIFT_OPTIMIZATION_LEVEL = "-Owholemodule";
				VALIDATE_PRODUCT = YES;
			};
			name = "CBPay UAT";
		};
		C36F697E201D684900DF8267 /* CBPay UAT */ = {
			isa = XCBuildConfiguration;
			buildSettings = {
				ASSETCATALOG_COMPILER_APPICON_NAME = AppIcon;
				CODE_SIGN_STYLE = Automatic;
				CUSTOM_BUNDLE = com.promptnow.cbpay.uat;
				CUSTOM_DISPLAY = "CB Pay UAT";
				DEVELOPMENT_TEAM = LZBM7SC867;
				INFOPLIST_FILE = CBPay/Info.plist;
				LD_RUNPATH_SEARCH_PATHS = "$(inherited) @executable_path/Frameworks";
				PRODUCT_BUNDLE_IDENTIFIER = com.promptnow.CBPay;
				PRODUCT_NAME = "$(TARGET_NAME)";
				SWIFT_VERSION = 4.0;
				TARGETED_DEVICE_FAMILY = "1,2";
			};
			name = "CBPay UAT";
		};
		C36F697F201D685600DF8267 /* CBPay */ = {
			isa = XCBuildConfiguration;
			buildSettings = {
				ALWAYS_SEARCH_USER_PATHS = NO;
				CLANG_ANALYZER_NONNULL = YES;
				CLANG_ANALYZER_NUMBER_OBJECT_CONVERSION = YES_AGGRESSIVE;
				CLANG_CXX_LANGUAGE_STANDARD = "gnu++14";
				CLANG_CXX_LIBRARY = "libc++";
				CLANG_ENABLE_MODULES = YES;
				CLANG_ENABLE_OBJC_ARC = YES;
				CLANG_WARN_BLOCK_CAPTURE_AUTORELEASING = YES;
				CLANG_WARN_BOOL_CONVERSION = YES;
				CLANG_WARN_COMMA = YES;
				CLANG_WARN_CONSTANT_CONVERSION = YES;
				CLANG_WARN_DIRECT_OBJC_ISA_USAGE = YES_ERROR;
				CLANG_WARN_DOCUMENTATION_COMMENTS = YES;
				CLANG_WARN_EMPTY_BODY = YES;
				CLANG_WARN_ENUM_CONVERSION = YES;
				CLANG_WARN_INFINITE_RECURSION = YES;
				CLANG_WARN_INT_CONVERSION = YES;
				CLANG_WARN_NON_LITERAL_NULL_CONVERSION = YES;
				CLANG_WARN_OBJC_LITERAL_CONVERSION = YES;
				CLANG_WARN_OBJC_ROOT_CLASS = YES_ERROR;
				CLANG_WARN_RANGE_LOOP_ANALYSIS = YES;
				CLANG_WARN_STRICT_PROTOTYPES = YES;
				CLANG_WARN_SUSPICIOUS_MOVE = YES;
				CLANG_WARN_UNGUARDED_AVAILABILITY = YES_AGGRESSIVE;
				CLANG_WARN_UNREACHABLE_CODE = YES;
				CLANG_WARN__DUPLICATE_METHOD_MATCH = YES;
				CODE_SIGN_IDENTITY = "iPhone Developer";
				COPY_PHASE_STRIP = NO;
				DEBUG_INFORMATION_FORMAT = "dwarf-with-dsym";
				ENABLE_NS_ASSERTIONS = NO;
				ENABLE_STRICT_OBJC_MSGSEND = YES;
				GCC_C_LANGUAGE_STANDARD = gnu11;
				GCC_NO_COMMON_BLOCKS = YES;
				GCC_WARN_64_TO_32_BIT_CONVERSION = YES;
				GCC_WARN_ABOUT_RETURN_TYPE = YES_ERROR;
				GCC_WARN_UNDECLARED_SELECTOR = YES;
				GCC_WARN_UNINITIALIZED_AUTOS = YES_AGGRESSIVE;
				GCC_WARN_UNUSED_FUNCTION = YES;
				GCC_WARN_UNUSED_VARIABLE = YES;
				IPHONEOS_DEPLOYMENT_TARGET = 11.2;
				MTL_ENABLE_DEBUG_INFO = NO;
				SDKROOT = iphoneos;
				SWIFT_OPTIMIZATION_LEVEL = "-Owholemodule";
				VALIDATE_PRODUCT = YES;
			};
			name = CBPay;
		};
		C36F6980201D685600DF8267 /* CBPay */ = {
			isa = XCBuildConfiguration;
			buildSettings = {
				ASSETCATALOG_COMPILER_APPICON_NAME = AppIcon;
				CODE_SIGN_STYLE = Automatic;
				CUSTOM_BUNDLE = com.promptnow.cbpay;
				CUSTOM_DISPLAY = "CB Pay";
				DEVELOPMENT_TEAM = LZBM7SC867;
				INFOPLIST_FILE = CBPay/Info.plist;
				LD_RUNPATH_SEARCH_PATHS = "$(inherited) @executable_path/Frameworks";
				PRODUCT_BUNDLE_IDENTIFIER = com.promptnow.CBPay;
				PRODUCT_NAME = "$(TARGET_NAME)";
				SWIFT_VERSION = 4.0;
				TARGETED_DEVICE_FAMILY = "1,2";
			};
			name = CBPay;
		};
		C36F6981201D685F00DF8267 /* CBPay Dev */ = {
			isa = XCBuildConfiguration;
			buildSettings = {
				ALWAYS_SEARCH_USER_PATHS = NO;
				CLANG_ANALYZER_NONNULL = YES;
				CLANG_ANALYZER_NUMBER_OBJECT_CONVERSION = YES_AGGRESSIVE;
				CLANG_CXX_LANGUAGE_STANDARD = "gnu++14";
				CLANG_CXX_LIBRARY = "libc++";
				CLANG_ENABLE_MODULES = YES;
				CLANG_ENABLE_OBJC_ARC = YES;
				CLANG_WARN_BLOCK_CAPTURE_AUTORELEASING = YES;
				CLANG_WARN_BOOL_CONVERSION = YES;
				CLANG_WARN_COMMA = YES;
				CLANG_WARN_CONSTANT_CONVERSION = YES;
				CLANG_WARN_DIRECT_OBJC_ISA_USAGE = YES_ERROR;
				CLANG_WARN_DOCUMENTATION_COMMENTS = YES;
				CLANG_WARN_EMPTY_BODY = YES;
				CLANG_WARN_ENUM_CONVERSION = YES;
				CLANG_WARN_INFINITE_RECURSION = YES;
				CLANG_WARN_INT_CONVERSION = YES;
				CLANG_WARN_NON_LITERAL_NULL_CONVERSION = YES;
				CLANG_WARN_OBJC_LITERAL_CONVERSION = YES;
				CLANG_WARN_OBJC_ROOT_CLASS = YES_ERROR;
				CLANG_WARN_RANGE_LOOP_ANALYSIS = YES;
				CLANG_WARN_STRICT_PROTOTYPES = YES;
				CLANG_WARN_SUSPICIOUS_MOVE = YES;
				CLANG_WARN_UNGUARDED_AVAILABILITY = YES_AGGRESSIVE;
				CLANG_WARN_UNREACHABLE_CODE = YES;
				CLANG_WARN__DUPLICATE_METHOD_MATCH = YES;
				CODE_SIGN_IDENTITY = "iPhone Developer";
				COPY_PHASE_STRIP = NO;
				DEBUG_INFORMATION_FORMAT = dwarf;
				ENABLE_STRICT_OBJC_MSGSEND = YES;
				ENABLE_TESTABILITY = YES;
				GCC_C_LANGUAGE_STANDARD = gnu11;
				GCC_DYNAMIC_NO_PIC = NO;
				GCC_NO_COMMON_BLOCKS = YES;
				GCC_OPTIMIZATION_LEVEL = 0;
				GCC_PREPROCESSOR_DEFINITIONS = (
					"DEBUG=1",
					"$(inherited)",
				);
				GCC_WARN_64_TO_32_BIT_CONVERSION = YES;
				GCC_WARN_ABOUT_RETURN_TYPE = YES_ERROR;
				GCC_WARN_UNDECLARED_SELECTOR = YES;
				GCC_WARN_UNINITIALIZED_AUTOS = YES_AGGRESSIVE;
				GCC_WARN_UNUSED_FUNCTION = YES;
				GCC_WARN_UNUSED_VARIABLE = YES;
				IPHONEOS_DEPLOYMENT_TARGET = 11.2;
				MTL_ENABLE_DEBUG_INFO = YES;
				ONLY_ACTIVE_ARCH = YES;
				SDKROOT = iphoneos;
				SWIFT_ACTIVE_COMPILATION_CONDITIONS = DEBUG;
				SWIFT_OPTIMIZATION_LEVEL = "-Onone";
			};
			name = "CBPay Dev";
		};
		C36F6982201D685F00DF8267 /* CBPay Dev */ = {
			isa = XCBuildConfiguration;
			buildSettings = {
				ASSETCATALOG_COMPILER_APPICON_NAME = AppIcon;
				CODE_SIGN_STYLE = Automatic;
				CUSTOM_BUNDLE = com.promptnow.cbpay.dev;
				CUSTOM_DISPLAY = "CB Pay Dev";
				DEVELOPMENT_TEAM = LZBM7SC867;
				INFOPLIST_FILE = CBPay/Info.plist;
				LD_RUNPATH_SEARCH_PATHS = "$(inherited) @executable_path/Frameworks";
				PRODUCT_BUNDLE_IDENTIFIER = com.promptnow.CBPay;
				PRODUCT_NAME = "$(TARGET_NAME)";
				SWIFT_VERSION = 4.0;
				TARGETED_DEVICE_FAMILY = "1,2";
			};
			name = "CBPay Dev";
		};
/* End XCBuildConfiguration section */

/* Begin XCConfigurationList section */
		C36F6963201D674B00DF8267 /* Build configuration list for PBXProject "CBPay" */ = {
			isa = XCConfigurationList;
			buildConfigurations = (
				C36F6981201D685F00DF8267 /* CBPay Dev */,
				C36F697F201D685600DF8267 /* CBPay */,
				C36F697D201D684900DF8267 /* CBPay UAT */,
			);
			defaultConfigurationIsVisible = 0;
			defaultConfigurationName = "CBPay Dev";
		};
		C36F697A201D674B00DF8267 /* Build configuration list for PBXNativeTarget "CBPay" */ = {
			isa = XCConfigurationList;
			buildConfigurations = (
				C36F6982201D685F00DF8267 /* CBPay Dev */,
				C36F6980201D685600DF8267 /* CBPay */,
				C36F697E201D684900DF8267 /* CBPay UAT */,
			);
			defaultConfigurationIsVisible = 0;
			defaultConfigurationName = "CBPay Dev";
		};
/* End XCConfigurationList section */
	};
	rootObject = C36F6960201D674B00DF8267 /* Project object */;
}
